
Microsoft Visual Studio Solution File, Format Version 12.00
# Visual Studio Version 17
VisualStudioVersion = 17.0.31903.59
MinimumVisualStudioVersion = 10.0.40219.1
Project("{2150E333-8FDC-42A3-9474-1A3956D46DE8}") = "src", "src", "{827E0CD3-B72D-47B6-A68D-7590B98EB39B}"
EndProject
Project("{FAE04EC0-301F-11D3-BF4B-00C04F79EFBC}") = "WotBTreader.Application", "src\WotBTreader.Application\WotBTreader.Application.csproj", "{5CA32967-4B76-473B-9C72-45E2C0C8204B}"
EndProject
Project("{FAE04EC0-301F-11D3-BF4B-00C04F79EFBC}") = "WotBTreader.Bootstrap", "src\WotBTreader.Bootstrap\WotBTreader.Bootstrap.csproj", "{1EDA7315-B2BD-49EA-AE6A-D224AB50B902}"
EndProject
Project("{FAE04EC0-301F-11D3-BF4B-00C04F79EFBC}") = "WotBTreader.CaptureLogs", "src\WotBTreader.CaptureLogs\WotBTreader.CaptureLogs.csproj", "{1339B2DF-630A-4576-8ACC-EE59A792E9DA}"
EndProject
Project("{FAE04EC0-301F-11D3-BF4B-00C04F79EFBC}") = "WotBTreader.Core", "src\WotBTreader.Core\WotBTreader.Core.csproj", "{E66C2112-59CE-4E55-9CCC-12AFE695FFFA}"
EndProject
Project("{FAE04EC0-301F-11D3-BF4B-00C04F79EFBC}") = "WotBTreader.GameIntegration", "src\WotBTreader.GameIntegration\WotBTreader.GameIntegration.csproj", "{F5CC9531-0532-4BC9-BBA1-9DCADFB0331D}"
EndProject
Project("{FAE04EC0-301F-11D3-BF4B-00C04F79EFBC}") = "WotBTreader.Host.Cli", "src\WotBTreader.Host.Cli\WotBTreader.Host.Cli.csproj", "{D89A0296-D800-406B-A3C0-34E148C61BD0}"
EndProject
Project("{FAE04EC0-301F-11D3-BF4B-00C04F79EFBC}") = "WotBTreader.Host.Web", "src\WotBTreader.Host.Web\WotBTreader.Host.Web.csproj", "{550C6862-139F-4030-BE73-80DB2523CBCF}"
EndProject
Project("{FAE04EC0-301F-11D3-BF4B-00C04F79EFBC}") = "WotBTreader.Overlay", "src\WotBTreader.Overlay\WotBTreader.Overlay.csproj", "{78AC4AA2-3A32-4829-BA80-7FB4D32E2A9C}"
EndProject
Project("{FAE04EC0-301F-11D3-BF4B-00C04F79EFBC}") = "WotBTreader.Replays", "src\WotBTreader.Replays\WotBTreader.Replays.csproj", "{46C43C27-1969-427F-90C5-1CA436BD14D7}"
EndProject
Project("{FAE04EC0-301F-11D3-BF4B-00C04F79EFBC}") = "WotBTreader.Storage.Sqlite", "src\WotBTreader.Storage.Sqlite\WotBTreader.Storage.Sqlite.csproj", "{6DEFD3A0-2F5E-4A61-A24B-703DDC047A47}"
EndProject
Project("{2150E333-8FDC-42A3-9474-1A3956D46DE8}") = "tools", "tools", "{07C2787E-EAC7-C090-1BA3-A61EC2A24D84}"
EndProject
Project("{2150E333-8FDC-42A3-9474-1A3956D46DE8}") = "src", "src", "{67824254-6371-76FD-C40D-F076954CCDE1}"
EndProject
Project("{FAE04EC0-301F-11D3-BF4B-00C04F79EFBC}") = "WotBTreader.GameHarness", "tools\src\WotBTreader.GameHarness\WotBTreader.GameHarness.csproj", "{48246ACC-AF4E-48E3-B3D8-B94958A5D2AE}"
EndProject
Project("{FAE04EC0-301F-11D3-BF4B-00C04F79EFBC}") = "WotBTreader.ReplayInspector", "tools\src\WotBTreader.ReplayInspector\WotBTreader.ReplayInspector.csproj", "{2613166A-8BD2-4FED-8E56-DC3E92E28F07}"
EndProject
Project("{FAE04EC0-301F-11D3-BF4B-00C04F79EFBC}") = "WotBTreader.ReplaySanitizer", "tools\src\WotBTreader.ReplaySanitizer\WotBTreader.ReplaySanitizer.csproj", "{611854DB-5D21-4221-BD05-028DE6C30686}"
EndProject
Project("{2150E333-8FDC-42A3-9474-1A3956D46DE8}") = "tests", "tests", "{0AB3BF05-4346-4AA6-1389-037BE0695223}"
EndProject
Project("{FAE04EC0-301F-11D3-BF4B-00C04F79EFBC}") = "WotBTreader.Application.Tests", "tests\WotBTreader.Application.Tests\WotBTreader.Application.Tests.csproj", "{E2F6D770-CD90-441A-BE81-0EFEC92C2F9C}"
EndProject
Project("{FAE04EC0-301F-11D3-BF4B-00C04F79EFBC}") = "WotBTreader.Architecture.Tests", "tests\WotBTreader.Architecture.Tests\WotBTreader.Architecture.Tests.csproj", "{35EB75BB-4EE7-47B7-A06D-738B689EC58D}"
EndProject
Project("{FAE04EC0-301F-11D3-BF4B-00C04F79EFBC}") = "WotBTreader.CaptureLogs.Tests", "tests\WotBTreader.CaptureLogs.Tests\WotBTreader.CaptureLogs.Tests.csproj", "{1B0DD99C-9311-48BC-88A4-2CDD0C2C9F1C}"
EndProject
Project("{FAE04EC0-301F-11D3-BF4B-00C04F79EFBC}") = "WotBTreader.Core.Tests", "tests\WotBTreader.Core.Tests\WotBTreader.Core.Tests.csproj", "{5049A29E-2F46-4E98-AAE9-83BD267DE0E2}"
EndProject
Project("{FAE04EC0-301F-11D3-BF4B-00C04F79EFBC}") = "WotBTreader.GameIntegration.Tests", "tests\WotBTreader.GameIntegration.Tests\WotBTreader.GameIntegration.Tests.csproj", "{07D991AA-7DEA-4AE7-BD5B-0609E17D3475}"
EndProject
Project("{FAE04EC0-301F-11D3-BF4B-00C04F79EFBC}") = "WotBTreader.Replays.Tests", "tests\WotBTreader.Replays.Tests\WotBTreader.Replays.Tests.csproj", "{C21D02F7-1D78-4E57-A8FC-08E9FABBE0FF}"
EndProject
Project("{FAE04EC0-301F-11D3-BF4B-00C04F79EFBC}") = "WotBTreader.Storage.Sqlite.Tests", "tests\WotBTreader.Storage.Sqlite.Tests\WotBTreader.Storage.Sqlite.Tests.csproj", "{46ACDA19-5CD8-4682-88A6-6DBC03E1E2A5}"
EndProject
Project("{FAE04EC0-301F-11D3-BF4B-00C04F79EFBC}") = "WotBTreader.Host.Cli.Tests", "tests\WotBTreader.Host.Cli.Tests\WotBTreader.Host.Cli.Tests.csproj", "{69B5C9EA-7C6B-46D4-9F78-2A98566CCA4D}"
EndProject
Project("{FAE04EC0-301F-11D3-BF4B-00C04F79EFBC}") = "WotBTreader.Bootstrap.Tests", "tests\WotBTreader.Bootstrap.Tests\WotBTreader.Bootstrap.Tests.csproj", "{65C7700E-E5D6-47B2-BD1F-B8ADDA9684D6}"
EndProject
Project("{FAE04EC0-301F-11D3-BF4B-00C04F79EFBC}") = "WotBTreader.Host.Web.Tests", "tests\WotBTreader.Host.Web.Tests\WotBTreader.Host.Web.Tests.csproj", "{4FD04FF4-1F7B-4CDA-A355-B656D0EF457F}"
EndProject
Project("{FAE04EC0-301F-11D3-BF4B-00C04F79EFBC}") = "WotBTreader.GameHarness.Tests", "tools\tests\WotBTreader.GameHarness.Tests\WotBTreader.GameHarness.Tests.csproj", "{35A520B1-0937-450D-9859-BAEC456DDB52}"
EndProject
Project("{FAE04EC0-301F-11D3-BF4B-00C04F79EFBC}") = "WotBTreader.TestSupport", "tests\WotBTreader.TestSupport\WotBTreader.TestSupport.csproj", "{5AF97586-87B2-4733-A20A-D661B861399C}"
EndProject
Project("{FAE04EC0-301F-11D3-BF4B-00C04F79EFBC}") = "WotBTreader.Overlay.Tests", "tests\WotBTreader.Overlay.Tests\WotBTreader.Overlay.Tests.csproj", "{6F72BD52-45BB-4680-9BCC-C49D71871A2C}"
EndProject
Project("{FAE04EC0-301F-11D3-BF4B-00C04F79EFBC}") = "WotBTreader.ApiContracts", "src\WotBTreader.ApiContracts\WotBTreader.ApiContracts.csproj", "{E25151C8-493F-49FA-AEBB-AB3A3D144908}"
EndProject
Global
	GlobalSection(SolutionConfigurationPlatforms) = preSolution
		Debug|Any CPU = Debug|Any CPU
		Debug|x64 = Debug|x64
		Debug|x86 = Debug|x86
		Release|Any CPU = Release|Any CPU
		Release|x64 = Release|x64
		Release|x86 = Release|x86
	EndGlobalSection
	GlobalSection(ProjectConfigurationPlatforms) = postSolution
		{5CA32967-4B76-473B-9C72-45E2C0C8204B}.Debug|Any CPU.ActiveCfg = Debug|Any CPU
		{5CA32967-4B76-473B-9C72-45E2C0C8204B}.Debug|Any CPU.Build.0 = Debug|Any CPU
		{5CA32967-4B76-473B-9C72-45E2C0C8204B}.Debug|x64.ActiveCfg = Debug|Any CPU
		{5CA32967-4B76-473B-9C72-45E2C0C8204B}.Debug|x64.Build.0 = Debug|Any CPU
		{5CA32967-4B76-473B-9C72-45E2C0C8204B}.Debug|x86.ActiveCfg = Debug|Any CPU
		{5CA32967-4B76-473B-9C72-45E2C0C8204B}.Debug|x86.Build.0 = Debug|Any CPU
		{5CA32967-4B76-473B-9C72-45E2C0C8204B}.Release|Any CPU.ActiveCfg = Release|Any CPU
		{5CA32967-4B76-473B-9C72-45E2C0C8204B}.Release|Any CPU.Build.0 = Release|Any CPU
		{5CA32967-4B76-473B-9C72-45E2C0C8204B}.Release|x64.ActiveCfg = Release|Any CPU
		{5CA32967-4B76-473B-9C72-45E2C0C8204B}.Release|x64.Build.0 = Release|Any CPU
		{5CA32967-4B76-473B-9C72-45E2C0C8204B}.Release|x86.ActiveCfg = Release|Any CPU
		{5CA32967-4B76-473B-9C72-45E2C0C8204B}.Release|x86.Build.0 = Release|Any CPU
		{1EDA7315-B2BD-49EA-AE6A-D224AB50B902}.Debug|Any CPU.ActiveCfg = Debug|Any CPU
		{1EDA7315-B2BD-49EA-AE6A-D224AB50B902}.Debug|Any CPU.Build.0 = Debug|Any CPU
		{1EDA7315-B2BD-49EA-AE6A-D224AB50B902}.Debug|x64.ActiveCfg = Debug|Any CPU
		{1EDA7315-B2BD-49EA-AE6A-D224AB50B902}.Debug|x64.Build.0 = Debug|Any CPU
		{1EDA7315-B2BD-49EA-AE6A-D224AB50B902}.Debug|x86.ActiveCfg = Debug|Any CPU
		{1EDA7315-B2BD-49EA-AE6A-D224AB50B902}.Debug|x86.Build.0 = Debug|Any CPU
		{1EDA7315-B2BD-49EA-AE6A-D224AB50B902}.Release|Any CPU.ActiveCfg = Release|Any CPU
		{1EDA7315-B2BD-49EA-AE6A-D224AB50B902}.Release|Any CPU.Build.0 = Release|Any CPU
		{1EDA7315-B2BD-49EA-AE6A-D224AB50B902}.Release|x64.ActiveCfg = Release|Any CPU
		{1EDA7315-B2BD-49EA-AE6A-D224AB50B902}.Release|x64.Build.0 = Release|Any CPU
		{1EDA7315-B2BD-49EA-AE6A-D224AB50B902}.Release|x86.ActiveCfg = Release|Any CPU
		{1EDA7315-B2BD-49EA-AE6A-D224AB50B902}.Release|x86.Build.0 = Release|Any CPU
		{1339B2DF-630A-4576-8ACC-EE59A792E9DA}.Debug|Any CPU.ActiveCfg = Debug|Any CPU
		{1339B2DF-630A-4576-8ACC-EE59A792E9DA}.Debug|Any CPU.Build.0 = Debug|Any CPU
		{1339B2DF-630A-4576-8ACC-EE59A792E9DA}.Debug|x64.ActiveCfg = Debug|Any CPU
		{1339B2DF-630A-4576-8ACC-EE59A792E9DA}.Debug|x64.Build.0 = Debug|Any CPU
		{1339B2DF-630A-4576-8ACC-EE59A792E9DA}.Debug|x86.ActiveCfg = Debug|Any CPU
		{1339B2DF-630A-4576-8ACC-EE59A792E9DA}.Debug|x86.Build.0 = Debug|Any CPU
		{1339B2DF-630A-4576-8ACC-EE59A792E9DA}.Release|Any CPU.ActiveCfg = Release|Any CPU
		{1339B2DF-630A-4576-8ACC-EE59A792E9DA}.Release|Any CPU.Build.0 = Release|Any CPU
		{1339B2DF-630A-4576-8ACC-EE59A792E9DA}.Release|x64.ActiveCfg = Release|Any CPU
		{1339B2DF-630A-4576-8ACC-EE59A792E9DA}.Release|x64.Build.0 = Release|Any CPU
		{1339B2DF-630A-4576-8ACC-EE59A792E9DA}.Release|x86.ActiveCfg = Release|Any CPU
		{1339B2DF-630A-4576-8ACC-EE59A792E9DA}.Release|x86.Build.0 = Release|Any CPU
		{E66C2112-59CE-4E55-9CCC-12AFE695FFFA}.Debug|Any CPU.ActiveCfg = Debug|Any CPU
		{E66C2112-59CE-4E55-9CCC-12AFE695FFFA}.Debug|Any CPU.Build.0 = Debug|Any CPU
		{E66C2112-59CE-4E55-9CCC-12AFE695FFFA}.Debug|x64.ActiveCfg = Debug|Any CPU
		{E66C2112-59CE-4E55-9CCC-12AFE695FFFA}.Debug|x64.Build.0 = Debug|Any CPU
		{E66C2112-59CE-4E55-9CCC-12AFE695FFFA}.Debug|x86.ActiveCfg = Debug|Any CPU
		{E66C2112-59CE-4E55-9CCC-12AFE695FFFA}.Debug|x86.Build.0 = Debug|Any CPU
		{E66C2112-59CE-4E55-9CCC-12AFE695FFFA}.Release|Any CPU.ActiveCfg = Release|Any CPU
		{E66C2112-59CE-4E55-9CCC-12AFE695FFFA}.Release|Any CPU.Build.0 = Release|Any CPU
		{E66C2112-59CE-4E55-9CCC-12AFE695FFFA}.Release|x64.ActiveCfg = Release|Any CPU
		{E66C2112-59CE-4E55-9CCC-12AFE695FFFA}.Release|x64.Build.0 = Release|Any CPU
		{E66C2112-59CE-4E55-9CCC-12AFE695FFFA}.Release|x86.ActiveCfg = Release|Any CPU
		{E66C2112-59CE-4E55-9CCC-12AFE695FFFA}.Release|x86.Build.0 = Release|Any CPU
		{F5CC9531-0532-4BC9-BBA1-9DCADFB0331D}.Debug|Any CPU.ActiveCfg = Debug|Any CPU
		{F5CC9531-0532-4BC9-BBA1-9DCADFB0331D}.Debug|Any CPU.Build.0 = Debug|Any CPU
		{F5CC9531-0532-4BC9-BBA1-9DCADFB0331D}.Debug|x64.ActiveCfg = Debug|Any CPU
		{F5CC9531-0532-4BC9-BBA1-9DCADFB0331D}.Debug|x64.Build.0 = Debug|Any CPU
		{F5CC9531-0532-4BC9-BBA1-9DCADFB0331D}.Debug|x86.ActiveCfg = Debug|Any CPU
		{F5CC9531-0532-4BC9-BBA1-9DCADFB0331D}.Debug|x86.Build.0 = Debug|Any CPU
		{F5CC9531-0532-4BC9-BBA1-9DCADFB0331D}.Release|Any CPU.ActiveCfg = Release|Any CPU
		{F5CC9531-0532-4BC9-BBA1-9DCADFB0331D}.Release|Any CPU.Build.0 = Release|Any CPU
		{F5CC9531-0532-4BC9-BBA1-9DCADFB0331D}.Release|x64.ActiveCfg = Release|Any CPU
		{F5CC9531-0532-4BC9-BBA1-9DCADFB0331D}.Release|x64.Build.0 = Release|Any CPU
		{F5CC9531-0532-4BC9-BBA1-9DCADFB0331D}.Release|x86.ActiveCfg = Release|Any CPU
		{F5CC9531-0532-4BC9-BBA1-9DCADFB0331D}.Release|x86.Build.0 = Release|Any CPU
		{D89A0296-D800-406B-A3C0-34E148C61BD0}.Debug|Any CPU.ActiveCfg = Debug|Any CPU
		{D89A0296-D800-406B-A3C0-34E148C61BD0}.Debug|Any CPU.Build.0 = Debug|Any CPU
		{D89A0296-D800-406B-A3C0-34E148C61BD0}.Debug|x64.ActiveCfg = Debug|Any CPU
		{D89A0296-D800-406B-A3C0-34E148C61BD0}.Debug|x64.Build.0 = Debug|Any CPU
		{D89A0296-D800-406B-A3C0-34E148C61BD0}.Debug|x86.ActiveCfg = Debug|Any CPU
		{D89A0296-D800-406B-A3C0-34E148C61BD0}.Debug|x86.Build.0 = Debug|Any CPU
		{D89A0296-D800-406B-A3C0-34E148C61BD0}.Release|Any CPU.ActiveCfg = Release|Any CPU
		{D89A0296-D800-406B-A3C0-34E148C61BD0}.Release|Any CPU.Build.0 = Release|Any CPU
		{D89A0296-D800-406B-A3C0-34E148C61BD0}.Release|x64.ActiveCfg = Release|Any CPU
		{D89A0296-D800-406B-A3C0-34E148C61BD0}.Release|x64.Build.0 = Release|Any CPU
		{D89A0296-D800-406B-A3C0-34E148C61BD0}.Release|x86.ActiveCfg = Release|Any CPU
		{D89A0296-D800-406B-A3C0-34E148C61BD0}.Release|x86.Build.0 = Release|Any CPU
		{550C6862-139F-4030-BE73-80DB2523CBCF}.Debug|Any CPU.ActiveCfg = Debug|Any CPU
		{550C6862-139F-4030-BE73-80DB2523CBCF}.Debug|Any CPU.Build.0 = Debug|Any CPU
		{550C6862-139F-4030-BE73-80DB2523CBCF}.Debug|x64.ActiveCfg = Debug|Any CPU
		{550C6862-139F-4030-BE73-80DB2523CBCF}.Debug|x64.Build.0 = Debug|Any CPU
		{550C6862-139F-4030-BE73-80DB2523CBCF}.Debug|x86.ActiveCfg = Debug|Any CPU
		{550C6862-139F-4030-BE73-80DB2523CBCF}.Debug|x86.Build.0 = Debug|Any CPU
		{550C6862-139F-4030-BE73-80DB2523CBCF}.Release|Any CPU.ActiveCfg = Release|Any CPU
		{550C6862-139F-4030-BE73-80DB2523CBCF}.Release|Any CPU.Build.0 = Release|Any CPU
		{550C6862-139F-4030-BE73-80DB2523CBCF}.Release|x64.ActiveCfg = Release|Any CPU
		{550C6862-139F-4030-BE73-80DB2523CBCF}.Release|x64.Build.0 = Release|Any CPU
		{550C6862-139F-4030-BE73-80DB2523CBCF}.Release|x86.ActiveCfg = Release|Any CPU
		{550C6862-139F-4030-BE73-80DB2523CBCF}.Release|x86.Build.0 = Release|Any CPU
		{78AC4AA2-3A32-4829-BA80-7FB4D32E2A9C}.Debug|Any CPU.ActiveCfg = Debug|Any CPU
		{78AC4AA2-3A32-4829-BA80-7FB4D32E2A9C}.Debug|Any CPU.Build.0 = Debug|Any CPU
		{78AC4AA2-3A32-4829-BA80-7FB4D32E2A9C}.Debug|x64.ActiveCfg = Debug|Any CPU
		{78AC4AA2-3A32-4829-BA80-7FB4D32E2A9C}.Debug|x64.Build.0 = Debug|Any CPU
		{78AC4AA2-3A32-4829-BA80-7FB4D32E2A9C}.Debug|x86.ActiveCfg = Debug|Any CPU
		{78AC4AA2-3A32-4829-BA80-7FB4D32E2A9C}.Debug|x86.Build.0 = Debug|Any CPU
		{78AC4AA2-3A32-4829-BA80-7FB4D32E2A9C}.Release|Any CPU.ActiveCfg = Release|Any CPU
		{78AC4AA2-3A32-4829-BA80-7FB4D32E2A9C}.Release|Any CPU.Build.0 = Release|Any CPU
		{78AC4AA2-3A32-4829-BA80-7FB4D32E2A9C}.Release|x64.ActiveCfg = Release|Any CPU
		{78AC4AA2-3A32-4829-BA80-7FB4D32E2A9C}.Release|x64.Build.0 = Release|Any CPU
		{78AC4AA2-3A32-4829-BA80-7FB4D32E2A9C}.Release|x86.ActiveCfg = Release|Any CPU
		{78AC4AA2-3A32-4829-BA80-7FB4D32E2A9C}.Release|x86.Build.0 = Release|Any CPU
		{46C43C27-1969-427F-90C5-1CA436BD14D7}.Debug|Any CPU.ActiveCfg = Debug|Any CPU
		{46C43C27-1969-427F-90C5-1CA436BD14D7}.Debug|Any CPU.Build.0 = Debug|Any CPU
		{46C43C27-1969-427F-90C5-1CA436BD14D7}.Debug|x64.ActiveCfg = Debug|Any CPU
		{46C43C27-1969-427F-90C5-1CA436BD14D7}.Debug|x64.Build.0 = Debug|Any CPU
		{46C43C27-1969-427F-90C5-1CA436BD14D7}.Debug|x86.ActiveCfg = Debug|Any CPU
		{46C43C27-1969-427F-90C5-1CA436BD14D7}.Debug|x86.Build.0 = Debug|Any CPU
		{46C43C27-1969-427F-90C5-1CA436BD14D7}.Release|Any CPU.ActiveCfg = Release|Any CPU
		{46C43C27-1969-427F-90C5-1CA436BD14D7}.Release|Any CPU.Build.0 = Release|Any CPU
		{46C43C27-1969-427F-90C5-1CA436BD14D7}.Release|x64.ActiveCfg = Release|Any CPU
		{46C43C27-1969-427F-90C5-1CA436BD14D7}.Release|x64.Build.0 = Release|Any CPU
		{46C43C27-1969-427F-90C5-1CA436BD14D7}.Release|x86.ActiveCfg = Release|Any CPU
		{46C43C27-1969-427F-90C5-1CA436BD14D7}.Release|x86.Build.0 = Release|Any CPU
		{6DEFD3A0-2F5E-4A61-A24B-703DDC047A47}.Debug|Any CPU.ActiveCfg = Debug|Any CPU
		{6DEFD3A0-2F5E-4A61-A24B-703DDC047A47}.Debug|Any CPU.Build.0 = Debug|Any CPU
		{6DEFD3A0-2F5E-4A61-A24B-703DDC047A47}.Debug|x64.ActiveCfg = Debug|Any CPU
		{6DEFD3A0-2F5E-4A61-A24B-703DDC047A47}.Debug|x64.Build.0 = Debug|Any CPU
		{6DEFD3A0-2F5E-4A61-A24B-703DDC047A47}.Debug|x86.ActiveCfg = Debug|Any CPU
		{6DEFD3A0-2F5E-4A61-A24B-703DDC047A47}.Debug|x86.Build.0 = Debug|Any CPU
		{6DEFD3A0-2F5E-4A61-A24B-703DDC047A47}.Release|Any CPU.ActiveCfg = Release|Any CPU
		{6DEFD3A0-2F5E-4A61-A24B-703DDC047A47}.Release|Any CPU.Build.0 = Release|Any CPU
		{6DEFD3A0-2F5E-4A61-A24B-703DDC047A47}.Release|x64.ActiveCfg = Release|Any CPU
		{6DEFD3A0-2F5E-4A61-A24B-703DDC047A47}.Release|x64.Build.0 = Release|Any CPU
		{6DEFD3A0-2F5E-4A61-A24B-703DDC047A47}.Release|x86.ActiveCfg = Release|Any CPU
		{6DEFD3A0-2F5E-4A61-A24B-703DDC047A47}.Release|x86.Build.0 = Release|Any CPU
		{48246ACC-AF4E-48E3-B3D8-B94958A5D2AE}.Debug|Any CPU.ActiveCfg = Debug|Any CPU
		{48246ACC-AF4E-48E3-B3D8-B94958A5D2AE}.Debug|Any CPU.Build.0 = Debug|Any CPU
		{48246ACC-AF4E-48E3-B3D8-B94958A5D2AE}.Debug|x64.ActiveCfg = Debug|Any CPU
		{48246ACC-AF4E-48E3-B3D8-B94958A5D2AE}.Debug|x64.Build.0 = Debug|Any CPU
		{48246ACC-AF4E-48E3-B3D8-B94958A5D2AE}.Debug|x86.ActiveCfg = Debug|Any CPU
		{48246ACC-AF4E-48E3-B3D8-B94958A5D2AE}.Debug|x86.Build.0 = Debug|Any CPU
		{48246ACC-AF4E-48E3-B3D8-B94958A5D2AE}.Release|Any CPU.ActiveCfg = Release|Any CPU
		{48246ACC-AF4E-48E3-B3D8-B94958A5D2AE}.Release|Any CPU.Build.0 = Release|Any CPU
		{48246ACC-AF4E-48E3-B3D8-B94958A5D2AE}.Release|x64.ActiveCfg = Release|Any CPU
		{48246ACC-AF4E-48E3-B3D8-B94958A5D2AE}.Release|x64.Build.0 = Release|Any CPU
		{48246ACC-AF4E-48E3-B3D8-B94958A5D2AE}.Release|x86.ActiveCfg = Release|Any CPU
		{48246ACC-AF4E-48E3-B3D8-B94958A5D2AE}.Release|x86.Build.0 = Release|Any CPU
		{2613166A-8BD2-4FED-8E56-DC3E92E28F07}.Debug|Any CPU.ActiveCfg = Debug|Any CPU
		{2613166A-8BD2-4FED-8E56-DC3E92E28F07}.Debug|Any CPU.Build.0 = Debug|Any CPU
		{2613166A-8BD2-4FED-8E56-DC3E92E28F07}.Debug|x64.ActiveCfg = Debug|Any CPU
		{2613166A-8BD2-4FED-8E56-DC3E92E28F07}.Debug|x64.Build.0 = Debug|Any CPU
		{2613166A-8BD2-4FED-8E56-DC3E92E28F07}.Debug|x86.ActiveCfg = Debug|Any CPU
		{2613166A-8BD2-4FED-8E56-DC3E92E28F07}.Debug|x86.Build.0 = Debug|Any CPU
		{2613166A-8BD2-4FED-8E56-DC3E92E28F07}.Release|Any CPU.ActiveCfg = Release|Any CPU
		{2613166A-8BD2-4FED-8E56-DC3E92E28F07}.Release|Any CPU.Build.0 = Release|Any CPU
		{2613166A-8BD2-4FED-8E56-DC3E92E28F07}.Release|x64.ActiveCfg = Release|Any CPU
		{2613166A-8BD2-4FED-8E56-DC3E92E28F07}.Release|x64.Build.0 = Release|Any CPU
		{2613166A-8BD2-4FED-8E56-DC3E92E28F07}.Release|x86.ActiveCfg = Release|Any CPU
		{2613166A-8BD2-4FED-8E56-DC3E92E28F07}.Release|x86.Build.0 = Release|Any CPU
		{611854DB-5D21-4221-BD05-028DE6C30686}.Debug|Any CPU.ActiveCfg = Debug|Any CPU
		{611854DB-5D21-4221-BD05-028DE6C30686}.Debug|Any CPU.Build.0 = Debug|Any CPU
		{611854DB-5D21-4221-BD05-028DE6C30686}.Debug|x64.ActiveCfg = Debug|Any CPU
		{611854DB-5D21-4221-BD05-028DE6C30686}.Debug|x64.Build.0 = Debug|Any CPU
		{611854DB-5D21-4221-BD05-028DE6C30686}.Debug|x86.ActiveCfg = Debug|Any CPU
		{611854DB-5D21-4221-BD05-028DE6C30686}.Debug|x86.Build.0 = Debug|Any CPU
		{611854DB-5D21-4221-BD05-028DE6C30686}.Release|Any CPU.ActiveCfg = Release|Any CPU
		{611854DB-5D21-4221-BD05-028DE6C30686}.Release|Any CPU.Build.0 = Release|Any CPU
		{611854DB-5D21-4221-BD05-028DE6C30686}.Release|x64.ActiveCfg = Release|Any CPU
		{611854DB-5D21-4221-BD05-028DE6C30686}.Release|x64.Build.0 = Release|Any CPU
		{611854DB-5D21-4221-BD05-028DE6C30686}.Release|x86.ActiveCfg = Release|Any CPU
		{611854DB-5D21-4221-BD05-028DE6C30686}.Release|x86.Build.0 = Release|Any CPU
		{E2F6D770-CD90-441A-BE81-0EFEC92C2F9C}.Debug|Any CPU.ActiveCfg = Debug|Any CPU
		{E2F6D770-CD90-441A-BE81-0EFEC92C2F9C}.Debug|Any CPU.Build.0 = Debug|Any CPU
		{E2F6D770-CD90-441A-BE81-0EFEC92C2F9C}.Debug|x64.ActiveCfg = Debug|Any CPU
		{E2F6D770-CD90-441A-BE81-0EFEC92C2F9C}.Debug|x64.Build.0 = Debug|Any CPU
		{E2F6D770-CD90-441A-BE81-0EFEC92C2F9C}.Debug|x86.ActiveCfg = Debug|Any CPU
		{E2F6D770-CD90-441A-BE81-0EFEC92C2F9C}.Debug|x86.Build.0 = Debug|Any CPU
		{E2F6D770-CD90-441A-BE81-0EFEC92C2F9C}.Release|Any CPU.ActiveCfg = Release|Any CPU
		{E2F6D770-CD90-441A-BE81-0EFEC92C2F9C}.Release|Any CPU.Build.0 = Release|Any CPU
		{E2F6D770-CD90-441A-BE81-0EFEC92C2F9C}.Release|x64.ActiveCfg = Release|Any CPU
		{E2F6D770-CD90-441A-BE81-0EFEC92C2F9C}.Release|x64.Build.0 = Release|Any CPU
		{E2F6D770-CD90-441A-BE81-0EFEC92C2F9C}.Release|x86.ActiveCfg = Release|Any CPU
		{E2F6D770-CD90-441A-BE81-0EFEC92C2F9C}.Release|x86.Build.0 = Release|Any CPU
		{35EB75BB-4EE7-47B7-A06D-738B689EC58D}.Debug|Any CPU.ActiveCfg = Debug|Any CPU
		{35EB75BB-4EE7-47B7-A06D-738B689EC58D}.Debug|Any CPU.Build.0 = Debug|Any CPU
		{35EB75BB-4EE7-47B7-A06D-738B689EC58D}.Debug|x64.ActiveCfg = Debug|Any CPU
		{35EB75BB-4EE7-47B7-A06D-738B689EC58D}.Debug|x64.Build.0 = Debug|Any CPU
		{35EB75BB-4EE7-47B7-A06D-738B689EC58D}.Debug|x86.ActiveCfg = Debug|Any CPU
		{35EB75BB-4EE7-47B7-A06D-738B689EC58D}.Debug|x86.Build.0 = Debug|Any CPU
		{35EB75BB-4EE7-47B7-A06D-738B689EC58D}.Release|Any CPU.ActiveCfg = Release|Any CPU
		{35EB75BB-4EE7-47B7-A06D-738B689EC58D}.Release|Any CPU.Build.0 = Release|Any CPU
		{35EB75BB-4EE7-47B7-A06D-738B689EC58D}.Release|x64.ActiveCfg = Release|Any CPU
		{35EB75BB-4EE7-47B7-A06D-738B689EC58D}.Release|x64.Build.0 = Release|Any CPU
		{35EB75BB-4EE7-47B7-A06D-738B689EC58D}.Release|x86.ActiveCfg = Release|Any CPU
		{35EB75BB-4EE7-47B7-A06D-738B689EC58D}.Release|x86.Build.0 = Release|Any CPU
		{1B0DD99C-9311-48BC-88A4-2CDD0C2C9F1C}.Debug|Any CPU.ActiveCfg = Debug|Any CPU
		{1B0DD99C-9311-48BC-88A4-2CDD0C2C9F1C}.Debug|Any CPU.Build.0 = Debug|Any CPU
		{1B0DD99C-9311-48BC-88A4-2CDD0C2C9F1C}.Debug|x64.ActiveCfg = Debug|Any CPU
		{1B0DD99C-9311-48BC-88A4-2CDD0C2C9F1C}.Debug|x64.Build.0 = Debug|Any CPU
		{1B0DD99C-9311-48BC-88A4-2CDD0C2C9F1C}.Debug|x86.ActiveCfg = Debug|Any CPU
		{1B0DD99C-9311-48BC-88A4-2CDD0C2C9F1C}.Debug|x86.Build.0 = Debug|Any CPU
		{1B0DD99C-9311-48BC-88A4-2CDD0C2C9F1C}.Release|Any CPU.ActiveCfg = Release|Any CPU
		{1B0DD99C-9311-48BC-88A4-2CDD0C2C9F1C}.Release|Any CPU.Build.0 = Release|Any CPU
		{1B0DD99C-9311-48BC-88A4-2CDD0C2C9F1C}.Release|x64.ActiveCfg = Release|Any CPU
		{1B0DD99C-9311-48BC-88A4-2CDD0C2C9F1C}.Release|x64.Build.0 = Release|Any CPU
		{1B0DD99C-9311-48BC-88A4-2CDD0C2C9F1C}.Release|x86.ActiveCfg = Release|Any CPU
		{1B0DD99C-9311-48BC-88A4-2CDD0C2C9F1C}.Release|x86.Build.0 = Release|Any CPU
		{5049A29E-2F46-4E98-AAE9-83BD267DE0E2}.Debug|Any CPU.ActiveCfg = Debug|Any CPU
		{5049A29E-2F46-4E98-AAE9-83BD267DE0E2}.Debug|Any CPU.Build.0 = Debug|Any CPU
		{5049A29E-2F46-4E98-AAE9-83BD267DE0E2}.Debug|x64.ActiveCfg = Debug|Any CPU
		{5049A29E-2F46-4E98-AAE9-83BD267DE0E2}.Debug|x64.Build.0 = Debug|Any CPU
		{5049A29E-2F46-4E98-AAE9-83BD267DE0E2}.Debug|x86.ActiveCfg = Debug|Any CPU
		{5049A29E-2F46-4E98-AAE9-83BD267DE0E2}.Debug|x86.Build.0 = Debug|Any CPU
		{5049A29E-2F46-4E98-AAE9-83BD267DE0E2}.Release|Any CPU.ActiveCfg = Release|Any CPU
		{5049A29E-2F46-4E98-AAE9-83BD267DE0E2}.Release|Any CPU.Build.0 = Release|Any CPU
		{5049A29E-2F46-4E98-AAE9-83BD267DE0E2}.Release|x64.ActiveCfg = Release|Any CPU
		{5049A29E-2F46-4E98-AAE9-83BD267DE0E2}.Release|x64.Build.0 = Release|Any CPU
		{5049A29E-2F46-4E98-AAE9-83BD267DE0E2}.Release|x86.ActiveCfg = Release|Any CPU
		{5049A29E-2F46-4E98-AAE9-83BD267DE0E2}.Release|x86.Build.0 = Release|Any CPU
		{07D991AA-7DEA-4AE7-BD5B-0609E17D3475}.Debug|Any CPU.ActiveCfg = Debug|Any CPU
		{07D991AA-7DEA-4AE7-BD5B-0609E17D3475}.Debug|Any CPU.Build.0 = Debug|Any CPU
		{07D991AA-7DEA-4AE7-BD5B-0609E17D3475}.Debug|x64.ActiveCfg = Debug|Any CPU
		{07D991AA-7DEA-4AE7-BD5B-0609E17D3475}.Debug|x64.Build.0 = Debug|Any CPU
		{07D991AA-7DEA-4AE7-BD5B-0609E17D3475}.Debug|x86.ActiveCfg = Debug|Any CPU
		{07D991AA-7DEA-4AE7-BD5B-0609E17D3475}.Debug|x86.Build.0 = Debug|Any CPU
		{07D991AA-7DEA-4AE7-BD5B-0609E17D3475}.Release|Any CPU.ActiveCfg = Release|Any CPU
		{07D991AA-7DEA-4AE7-BD5B-0609E17D3475}.Release|Any CPU.Build.0 = Release|Any CPU
		{07D991AA-7DEA-4AE7-BD5B-0609E17D3475}.Release|x64.ActiveCfg = Release|Any CPU
		{07D991AA-7DEA-4AE7-BD5B-0609E17D3475}.Release|x64.Build.0 = Release|Any CPU
		{07D991AA-7DEA-4AE7-BD5B-0609E17D3475}.Release|x86.ActiveCfg = Release|Any CPU
		{07D991AA-7DEA-4AE7-BD5B-0609E17D3475}.Release|x86.Build.0 = Release|Any CPU
		{C21D02F7-1D78-4E57-A8FC-08E9FABBE0FF}.Debug|Any CPU.ActiveCfg = Debug|Any CPU
		{C21D02F7-1D78-4E57-A8FC-08E9FABBE0FF}.Debug|Any CPU.Build.0 = Debug|Any CPU
		{C21D02F7-1D78-4E57-A8FC-08E9FABBE0FF}.Debug|x64.ActiveCfg = Debug|Any CPU
		{C21D02F7-1D78-4E57-A8FC-08E9FABBE0FF}.Debug|x64.Build.0 = Debug|Any CPU
		{C21D02F7-1D78-4E57-A8FC-08E9FABBE0FF}.Debug|x86.ActiveCfg = Debug|Any CPU
		{C21D02F7-1D78-4E57-A8FC-08E9FABBE0FF}.Debug|x86.Build.0 = Debug|Any CPU
		{C21D02F7-1D78-4E57-A8FC-08E9FABBE0FF}.Release|Any CPU.ActiveCfg = Release|Any CPU
		{C21D02F7-1D78-4E57-A8FC-08E9FABBE0FF}.Release|Any CPU.Build.0 = Release|Any CPU
		{C21D02F7-1D78-4E57-A8FC-08E9FABBE0FF}.Release|x64.ActiveCfg = Release|Any CPU
		{C21D02F7-1D78-4E57-A8FC-08E9FABBE0FF}.Release|x64.Build.0 = Release|Any CPU
		{C21D02F7-1D78-4E57-A8FC-08E9FABBE0FF}.Release|x86.ActiveCfg = Release|Any CPU
		{C21D02F7-1D78-4E57-A8FC-08E9FABBE0FF}.Release|x86.Build.0 = Release|Any CPU
		{46ACDA19-5CD8-4682-88A6-6DBC03E1E2A5}.Debug|Any CPU.ActiveCfg = Debug|Any CPU
		{46ACDA19-5CD8-4682-88A6-6DBC03E1E2A5}.Debug|Any CPU.Build.0 = Debug|Any CPU
		{46ACDA19-5CD8-4682-88A6-6DBC03E1E2A5}.Debug|x64.ActiveCfg = Debug|Any CPU
		{46ACDA19-5CD8-4682-88A6-6DBC03E1E2A5}.Debug|x64.Build.0 = Debug|Any CPU
		{46ACDA19-5CD8-4682-88A6-6DBC03E1E2A5}.Debug|x86.ActiveCfg = Debug|Any CPU
		{46ACDA19-5CD8-4682-88A6-6DBC03E1E2A5}.Debug|x86.Build.0 = Debug|Any CPU
		{46ACDA19-5CD8-4682-88A6-6DBC03E1E2A5}.Release|Any CPU.ActiveCfg = Release|Any CPU
		{46ACDA19-5CD8-4682-88A6-6DBC03E1E2A5}.Release|Any CPU.Build.0 = Release|Any CPU
		{46ACDA19-5CD8-4682-88A6-6DBC03E1E2A5}.Release|x64.ActiveCfg = Release|Any CPU
		{46ACDA19-5CD8-4682-88A6-6DBC03E1E2A5}.Release|x64.Build.0 = Release|Any CPU
		{46ACDA19-5CD8-4682-88A6-6DBC03E1E2A5}.Release|x86.ActiveCfg = Release|Any CPU
		{46ACDA19-5CD8-4682-88A6-6DBC03E1E2A5}.Release|x86.Build.0 = Release|Any CPU
		{69B5C9EA-7C6B-46D4-9F78-2A98566CCA4D}.Debug|Any CPU.ActiveCfg = Debug|Any CPU
		{69B5C9EA-7C6B-46D4-9F78-2A98566CCA4D}.Debug|Any CPU.Build.0 = Debug|Any CPU
		{69B5C9EA-7C6B-46D4-9F78-2A98566CCA4D}.Debug|x64.ActiveCfg = Debug|Any CPU
		{69B5C9EA-7C6B-46D4-9F78-2A98566CCA4D}.Debug|x64.Build.0 = Debug|Any CPU
		{69B5C9EA-7C6B-46D4-9F78-2A98566CCA4D}.Debug|x86.ActiveCfg = Debug|Any CPU
		{69B5C9EA-7C6B-46D4-9F78-2A98566CCA4D}.Debug|x86.Build.0 = Debug|Any CPU
		{69B5C9EA-7C6B-46D4-9F78-2A98566CCA4D}.Release|Any CPU.ActiveCfg = Release|Any CPU
		{69B5C9EA-7C6B-46D4-9F78-2A98566CCA4D}.Release|Any CPU.Build.0 = Release|Any CPU
		{69B5C9EA-7C6B-46D4-9F78-2A98566CCA4D}.Release|x64.ActiveCfg = Release|Any CPU
		{69B5C9EA-7C6B-46D4-9F78-2A98566CCA4D}.Release|x64.Build.0 = Release|Any CPU
		{69B5C9EA-7C6B-46D4-9F78-2A98566CCA4D}.Release|x86.ActiveCfg = Release|Any CPU
		{69B5C9EA-7C6B-46D4-9F78-2A98566CCA4D}.Release|x86.Build.0 = Release|Any CPU
		{65C7700E-E5D6-47B2-BD1F-B8ADDA9684D6}.Debug|Any CPU.ActiveCfg = Debug|Any CPU
		{65C7700E-E5D6-47B2-BD1F-B8ADDA9684D6}.Debug|Any CPU.Build.0 = Debug|Any CPU
		{65C7700E-E5D6-47B2-BD1F-B8ADDA9684D6}.Debug|x64.ActiveCfg = Debug|Any CPU
		{65C7700E-E5D6-47B2-BD1F-B8ADDA9684D6}.Debug|x64.Build.0 = Debug|Any CPU
		{65C7700E-E5D6-47B2-BD1F-B8ADDA9684D6}.Debug|x86.ActiveCfg = Debug|Any CPU
		{65C7700E-E5D6-47B2-BD1F-B8ADDA9684D6}.Debug|x86.Build.0 = Debug|Any CPU
		{65C7700E-E5D6-47B2-BD1F-B8ADDA9684D6}.Release|Any CPU.ActiveCfg = Release|Any CPU
		{65C7700E-E5D6-47B2-BD1F-B8ADDA9684D6}.Release|Any CPU.Build.0 = Release|Any CPU
		{65C7700E-E5D6-47B2-BD1F-B8ADDA9684D6}.Release|x64.ActiveCfg = Release|Any CPU
		{65C7700E-E5D6-47B2-BD1F-B8ADDA9684D6}.Release|x64.Build.0 = Release|Any CPU
		{65C7700E-E5D6-47B2-BD1F-B8ADDA9684D6}.Release|x86.ActiveCfg = Release|Any CPU
		{65C7700E-E5D6-47B2-BD1F-B8ADDA9684D6}.Release|x86.Build.0 = Release|Any CPU
		{4FD04FF4-1F7B-4CDA-A355-B656D0EF457F}.Debug|Any CPU.ActiveCfg = Debug|Any CPU
		{4FD04FF4-1F7B-4CDA-A355-B656D0EF457F}.Debug|Any CPU.Build.0 = Debug|Any CPU
		{4FD04FF4-1F7B-4CDA-A355-B656D0EF457F}.Debug|x64.ActiveCfg = Debug|Any CPU
		{4FD04FF4-1F7B-4CDA-A355-B656D0EF457F}.Debug|x64.Build.0 = Debug|Any CPU
		{4FD04FF4-1F7B-4CDA-A355-B656D0EF457F}.Debug|x86.ActiveCfg = Debug|Any CPU
		{4FD04FF4-1F7B-4CDA-A355-B656D0EF457F}.Debug|x86.Build.0 = Debug|Any CPU
		{4FD04FF4-1F7B-4CDA-A355-B656D0EF457F}.Release|Any CPU.ActiveCfg = Release|Any CPU
		{4FD04FF4-1F7B-4CDA-A355-B656D0EF457F}.Release|Any CPU.Build.0 = Release|Any CPU
		{4FD04FF4-1F7B-4CDA-A355-B656D0EF457F}.Release|x64.ActiveCfg = Release|Any CPU
		{4FD04FF4-1F7B-4CDA-A355-B656D0EF457F}.Release|x64.Build.0 = Release|Any CPU
		{4FD04FF4-1F7B-4CDA-A355-B656D0EF457F}.Release|x86.ActiveCfg = Release|Any CPU
		{4FD04FF4-1F7B-4CDA-A355-B656D0EF457F}.Release|x86.Build.0 = Release|Any CPU
		{35A520B1-0937-450D-9859-BAEC456DDB52}.Debug|Any CPU.ActiveCfg = Debug|Any CPU
		{35A520B1-0937-450D-9859-BAEC456DDB52}.Debug|Any CPU.Build.0 = Debug|Any CPU
		{35A520B1-0937-450D-9859-BAEC456DDB52}.Debug|x64.ActiveCfg = Debug|Any CPU
		{35A520B1-0937-450D-9859-BAEC456DDB52}.Debug|x64.Build.0 = Debug|Any CPU
		{35A520B1-0937-450D-9859-BAEC456DDB52}.Debug|x86.ActiveCfg = Debug|Any CPU
		{35A520B1-0937-450D-9859-BAEC456DDB52}.Debug|x86.Build.0 = Debug|Any CPU
		{35A520B1-0937-450D-9859-BAEC456DDB52}.Release|Any CPU.ActiveCfg = Release|Any CPU
		{35A520B1-0937-450D-9859-BAEC456DDB52}.Release|Any CPU.Build.0 = Release|Any CPU
		{35A520B1-0937-450D-9859-BAEC456DDB52}.Release|x64.ActiveCfg = Release|Any CPU
		{35A520B1-0937-450D-9859-BAEC456DDB52}.Release|x64.Build.0 = Release|Any CPU
		{35A520B1-0937-450D-9859-BAEC456DDB52}.Release|x86.ActiveCfg = Release|Any CPU
		{35A520B1-0937-450D-9859-BAEC456DDB52}.Release|x86.Build.0 = Release|Any CPU
		{5AF97586-87B2-4733-A20A-D661B861399C}.Debug|Any CPU.ActiveCfg = Debug|Any CPU
		{5AF97586-87B2-4733-A20A-D661B861399C}.Debug|Any CPU.Build.0 = Debug|Any CPU
		{5AF97586-87B2-4733-A20A-D661B861399C}.Debug|x64.ActiveCfg = Debug|Any CPU
		{5AF97586-87B2-4733-A20A-D661B861399C}.Debug|x64.Build.0 = Debug|Any CPU
		{5AF97586-87B2-4733-A20A-D661B861399C}.Debug|x86.ActiveCfg = Debug|Any CPU
		{5AF97586-87B2-4733-A20A-D661B861399C}.Debug|x86.Build.0 = Debug|Any CPU
		{5AF97586-87B2-4733-A20A-D661B861399C}.Release|Any CPU.ActiveCfg = Release|Any CPU
		{5AF97586-87B2-4733-A20A-D661B861399C}.Release|Any CPU.Build.0 = Release|Any CPU
		{5AF97586-87B2-4733-A20A-D661B861399C}.Release|x64.ActiveCfg = Release|Any CPU
		{5AF97586-87B2-4733-A20A-D661B861399C}.Release|x64.Build.0 = Release|Any CPU
		{5AF97586-87B2-4733-A20A-D661B861399C}.Release|x86.ActiveCfg = Release|Any CPU
		{5AF97586-87B2-4733-A20A-D661B861399C}.Release|x86.Build.0 = Release|Any CPU
		{6F72BD52-45BB-4680-9BCC-C49D71871A2C}.Debug|Any CPU.ActiveCfg = Debug|Any CPU
		{6F72BD52-45BB-4680-9BCC-C49D71871A2C}.Debug|Any CPU.Build.0 = Debug|Any CPU
		{6F72BD52-45BB-4680-9BCC-C49D71871A2C}.Debug|x64.ActiveCfg = Debug|Any CPU
		{6F72BD52-45BB-4680-9BCC-C49D71871A2C}.Debug|x64.Build.0 = Debug|Any CPU
		{6F72BD52-45BB-4680-9BCC-C49D71871A2C}.Debug|x86.ActiveCfg = Debug|Any CPU
		{6F72BD52-45BB-4680-9BCC-C49D71871A2C}.Debug|x86.Build.0 = Debug|Any CPU
		{6F72BD52-45BB-4680-9BCC-C49D71871A2C}.Release|Any CPU.ActiveCfg = Release|Any CPU
		{6F72BD52-45BB-4680-9BCC-C49D71871A2C}.Release|Any CPU.Build.0 = Release|Any CPU
		{6F72BD52-45BB-4680-9BCC-C49D71871A2C}.Release|x64.ActiveCfg = Release|Any CPU
		{6F72BD52-45BB-4680-9BCC-C49D71871A2C}.Release|x64.Build.0 = Release|Any CPU
		{6F72BD52-45BB-4680-9BCC-C49D71871A2C}.Release|x86.ActiveCfg = Release|Any CPU
		{6F72BD52-45BB-4680-9BCC-C49D71871A2C}.Release|x86.Build.0 = Release|Any CPU
		{E25151C8-493F-49FA-AEBB-AB3A3D144908}.Debug|Any CPU.ActiveCfg = Debug|Any CPU
		{E25151C8-493F-49FA-AEBB-AB3A3D144908}.Debug|Any CPU.Build.0 = Debug|Any CPU
		{E25151C8-493F-49FA-AEBB-AB3A3D144908}.Debug|x64.ActiveCfg = Debug|Any CPU
		{E25151C8-493F-49FA-AEBB-AB3A3D144908}.Debug|x64.Build.0 = Debug|Any CPU
		{E25151C8-493F-49FA-AEBB-AB3A3D144908}.Debug|x86.ActiveCfg = Debug|Any CPU
		{E25151C8-493F-49FA-AEBB-AB3A3D144908}.Debug|x86.Build.0 = Debug|Any CPU
		{E25151C8-493F-49FA-AEBB-AB3A3D144908}.Release|Any CPU.ActiveCfg = Release|Any CPU
		{E25151C8-493F-49FA-AEBB-AB3A3D144908}.Release|Any CPU.Build.0 = Release|Any CPU
		{E25151C8-493F-49FA-AEBB-AB3A3D144908}.Release|x64.ActiveCfg = Release|Any CPU
		{E25151C8-493F-49FA-AEBB-AB3A3D144908}.Release|x64.Build.0 = Release|Any CPU
		{E25151C8-493F-49FA-AEBB-AB3A3D144908}.Release|x86.ActiveCfg = Release|Any CPU
		{E25151C8-493F-49FA-AEBB-AB3A3D144908}.Release|x86.Build.0 = Release|Any CPU
	EndGlobalSection
	GlobalSection(SolutionProperties) = preSolution
		HideSolutionNode = FALSE
	EndGlobalSection
	GlobalSection(NestedProjects) = preSolution
		{5CA32967-4B76-473B-9C72-45E2C0C8204B} = {827E0CD3-B72D-47B6-A68D-7590B98EB39B}
		{1EDA7315-B2BD-49EA-AE6A-D224AB50B902} = {827E0CD3-B72D-47B6-A68D-7590B98EB39B}
		{1339B2DF-630A-4576-8ACC-EE59A792E9DA} = {827E0CD3-B72D-47B6-A68D-7590B98EB39B}
		{E66C2112-59CE-4E55-9CCC-12AFE695FFFA} = {827E0CD3-B72D-47B6-A68D-7590B98EB39B}
		{F5CC9531-0532-4BC9-BBA1-9DCADFB0331D} = {827E0CD3-B72D-47B6-A68D-7590B98EB39B}
		{D89A0296-D800-406B-A3C0-34E148C61BD0} = {827E0CD3-B72D-47B6-A68D-7590B98EB39B}
		{550C6862-139F-4030-BE73-80DB2523CBCF} = {827E0CD3-B72D-47B6-A68D-7590B98EB39B}
		{78AC4AA2-3A32-4829-BA80-7FB4D32E2A9C} = {827E0CD3-B72D-47B6-A68D-7590B98EB39B}
		{46C43C27-1969-427F-90C5-1CA436BD14D7} = {827E0CD3-B72D-47B6-A68D-7590B98EB39B}
		{6DEFD3A0-2F5E-4A61-A24B-703DDC047A47} = {827E0CD3-B72D-47B6-A68D-7590B98EB39B}
		{67824254-6371-76FD-C40D-F076954CCDE1} = {07C2787E-EAC7-C090-1BA3-A61EC2A24D84}
		{48246ACC-AF4E-48E3-B3D8-B94958A5D2AE} = {67824254-6371-76FD-C40D-F076954CCDE1}
		{2613166A-8BD2-4FED-8E56-DC3E92E28F07} = {67824254-6371-76FD-C40D-F076954CCDE1}
		{611854DB-5D21-4221-BD05-028DE6C30686} = {67824254-6371-76FD-C40D-F076954CCDE1}
		{E2F6D770-CD90-441A-BE81-0EFEC92C2F9C} = {0AB3BF05-4346-4AA6-1389-037BE0695223}
		{35EB75BB-4EE7-47B7-A06D-738B689EC58D} = {0AB3BF05-4346-4AA6-1389-037BE0695223}
		{1B0DD99C-9311-48BC-88A4-2CDD0C2C9F1C} = {0AB3BF05-4346-4AA6-1389-037BE0695223}
		{5049A29E-2F46-4E98-AAE9-83BD267DE0E2} = {0AB3BF05-4346-4AA6-1389-037BE0695223}
		{07D991AA-7DEA-4AE7-BD5B-0609E17D3475} = {0AB3BF05-4346-4AA6-1389-037BE0695223}
		{C21D02F7-1D78-4E57-A8FC-08E9FABBE0FF} = {0AB3BF05-4346-4AA6-1389-037BE0695223}
		{46ACDA19-5CD8-4682-88A6-6DBC03E1E2A5} = {0AB3BF05-4346-4AA6-1389-037BE0695223}
		{69B5C9EA-7C6B-46D4-9F78-2A98566CCA4D} = {0AB3BF05-4346-4AA6-1389-037BE0695223}
		{65C7700E-E5D6-47B2-BD1F-B8ADDA9684D6} = {0AB3BF05-4346-4AA6-1389-037BE0695223}
		{4FD04FF4-1F7B-4CDA-A355-B656D0EF457F} = {0AB3BF05-4346-4AA6-1389-037BE0695223}
		{35A520B1-0937-450D-9859-BAEC456DDB52} = {07C2787E-EAC7-C090-1BA3-A61EC2A24D84}
		{5AF97586-87B2-4733-A20A-D661B861399C} = {0AB3BF05-4346-4AA6-1389-037BE0695223}
		{6F72BD52-45BB-4680-9BCC-C49D71871A2C} = {0AB3BF05-4346-4AA6-1389-037BE0695223}
		{E25151C8-493F-49FA-AEBB-AB3A3D144908} = {827E0CD3-B72D-47B6-A68D-7590B98EB39B}
	EndGlobalSection
EndGlobal
