{
  "version": 2,
  "dependencies": {
    "net10.0-windows7.0": {
      "Microsoft.AspNetCore.SignalR.Client": {
        "type": "Direct",
        "requested": "[10.0.10, )",
        "resolved": "10.0.10",
        "contentHash": "g4MtTk+83S4phUGVvilHgKWa0gfX9qhnRQGIaeq7Kgz3MIAHkPt1h9XnlK3bRTPcsDVFuKhb7rKAtFvxl7NtDQ==",
        "dependencies": {
          "Microsoft.AspNetCore.Http.Connections.Client": "10.0.10",
          "Microsoft.AspNetCore.SignalR.Client.Core": "10.0.10"
        }
      },
      "Microsoft.Web.WebView2": {
        "type": "Direct",
        "requested": "[1.0.4078.44, )",
        "resolved": "1.0.4078.44",
        "contentHash": "TQkHa/aOHUqFHnJIJ/2ZmJ4nLcQJi0Pc0rj9BAs7SP5sT/KtVtb8jFp9uqQL6cKzCRSrwjS/wEPA43NWUOzU+A=="
      },
      "Microsoft.AspNetCore.Http.Connections.Client": {
        "type": "Transitive",
        "resolved": "10.0.10",
        "contentHash": "85adEQWKkB+d0fevCrToFlN99hhPfBPT7ZluCzrakxp8u63kKuA/5Wt9gRs0x6AMDOW6rOOJhh2TnCKlPeGq6g=="
      },
      "Microsoft.AspNetCore.SignalR.Client.Core": {
        "type": "Transitive",
        "resolved": "10.0.10",
        "contentHash": "1y+34HyOpeSUkkKKaQdXARnYtQLObre7GJoPK3TYbQJYe5GqXamL17WuEroX7EBDWzmTCylSc8QNMXXerGiirw=="
      },
      "wotbtreader.apicontracts": {
        "type": "Project"
      }
    }
  }
}